
Microsoft Visual Studio Solution File, Format Version 12.00
# Visual Studio Version 17
VisualStudioVersion = 17.10.35027.167
MinimumVisualStudioVersion = 10.0.40219.1
Project("{FAE04EC0-301F-11D3-BF4B-00C04F79EFBC}") = "DotsLines", "DotsLines\DotsLines.csproj", "{AB78E2D1-6448-41CD-9533-A7314D7128CB}"
EndProject
Global
	GlobalSection(SolutionConfigurationPlatforms) = preSolution
		Debug|Any CPU = Debug|Any CPU
		Release|Any CPU = Release|Any CPU
	EndGlobalSection
	GlobalSection(ProjectConfigurationPlatforms) = postSolution
		{AB78E2D1-6448-41CD-9533-A7314D7128CB}.Debug|Any CPU.ActiveCfg = Debug|Any CPU
		{AB78E2D1-6448-41CD-9533-A7314D7128CB}.Debug|Any CPU.Build.0 = Debug|Any CPU
		{AB78E2D1-6448-41CD-9533-A7314D7128CB}.Release|Any CPU.ActiveCfg = Release|Any CPU
		{AB78E2D1-6448-41CD-9533-A7314D7128CB}.Release|Any CPU.Build.0 = Release|Any CPU
	EndGlobalSection
	GlobalSection(SolutionProperties) = preSolution
		HideSolutionNode = FALSE
	EndGlobalSection
	GlobalSection(ExtensibilityGlobals) = postSolution
		SolutionGuid = {F20F3BD9-0BF2-4818-8B1C-AD39175A6D25}
	EndGlobalSection
EndGlobal
